{
  "name": "fileupload",
  "version": "1.0.0",
  "lockfileVersion": 2,
  "requires": true,
  "packages": {
    "": {
      "name": "fileupload",
      "version": "1.0.0",
      "license": "ISC",
      "dependencies": {
        "server": "github:sampritidas/server"
      }
    },
    "node_modules/server": {
      "version": "1.0.0",
      "resolved": "git+ssh://git@github.com/sampritidas/server.git#d7a8779cfda601ca4bd10fead2bdd893324dfecf",
      "license": "ISC"
    }
  },
  "dependencies": {
    "server": {
      "version": "git+ssh://git@github.com/sampritidas/server.git#d7a8779cfda601ca4bd10fead2bdd893324dfecf",
      "from": "server@https://github.com/sampritidas/server.git"
    }
  }
}
